github.com/topxeq/gox v0.0.0-20200331064850-8210ab21ae74 h1:+oyEpg6qDPb8GtojWpDjRsSHdrEsACV+V2xCBHSd0I4=
github.com/topxeq/gox v0.0.0-20200331064850-8210ab21ae74/go.mod h1:swFd+vkW9RohRyExeYnHeS9dmLsDxJabxwFu0a411+Q=
github.com/topxeq/mahonia v0.0.0-20190828015415-a6c7f9dc4638 h1:vLWo4rklr1Nz24u2VeCtAPzcf1G7m4yOXhH6PaOnVbE=
github.com/topxeq/mahonia v0.0.0-20190828060648-12b0599ddd1a h1:AbaDA3cbBe+3qpvek2YhvE/xn+8vLOc3J+KBlR2DMII=
github.com/topxeq/mahonia v0.0.0-20190828060648-12b0599ddd1a/go.mod h1:Y07Sl+FLd164UCoNlvVFUb0NJWtcehctV6kaNWPjLgM=
